<?xml version="1.0" encoding="UTF-8" standalone="yes" ?>
<CodeBlocks_project_file>
	<FileVersion major="1" minor="6" />
	<Project>
		<Option title="Podstawy_programowania_cpp" />
		<Option pch_mode="2" />
		<Option compiler="gcc" />
		<Build>
			<Target title="Debug">
				<Option output="bin/Debug/Podstawy_programowania_cpp" prefix_auto="1" extension_auto="1" />
				<Option object_output="obj/Debug/" />
				<Option type="1" />
				<Option compiler="gcc" />
				<Compiler>
					<Add option="-g" />
				</Compiler>
			</Target>
			<Target title="Release">
				<Option output="bin/Release/Podstawy_programowania_cpp" prefix_auto="1" extension_auto="1" />
				<Option object_output="obj/Release/" />
				<Option type="1" />
				<Option compiler="gcc" />
				<Compiler>
					<Add option="-O2" />
				</Compiler>
				<Linker>
					<Add option="-s" />
				</Linker>
			</Target>
		</Build>
		<Compiler>
			<Add option="-Wall" />
			<Add option="-fexceptions" />
		</Compiler>
		<Unit filename="OtherFunctions.cpp">
			<Option target="&lt;{~None~}&gt;" />
		</Unit>
		<Unit filename="OtherFunctions.h">
			<Option target="&lt;{~None~}&gt;" />
		</Unit>
		<Unit filename="conio2.cpp">
			<Option target="&lt;{~None~}&gt;" />
		</Unit>
		<Unit filename="conio2.h">
			<Option target="&lt;{~None~}&gt;" />
		</Unit>
		<Unit filename="drawingFunctions.cpp">
			<Option target="&lt;{~None~}&gt;" />
		</Unit>
		<Unit filename="drawingFunctions.h">
			<Option target="&lt;{~None~}&gt;" />
		</Unit>
		<Unit filename="main.cpp" />
		<Unit filename="resizeAndCleaning.cpp">
			<Option target="&lt;{~None~}&gt;" />
		</Unit>
		<Unit filename="resizeAndCleaning.h">
			<Option target="&lt;{~None~}&gt;" />
		</Unit>
		<Unit filename="restrictions.cpp">
			<Option target="&lt;{~None~}&gt;" />
		</Unit>
		<Unit filename="restrictions.h">
			<Option target="&lt;{~None~}&gt;" />
		</Unit>
		<Unit filename="saveAndLoad.cpp">
			<Option target="&lt;{~None~}&gt;" />
		</Unit>
		<Unit filename="saveAndLoad.h">
			<Option target="&lt;{~None~}&gt;" />
		</Unit>
		<Extensions>
			<code_completion />
			<envvars />
			<debugger />
			<lib_finder disable_auto="1" />
		</Extensions>
	</Project>
</CodeBlocks_project_file>
